
Microsoft Visual Studio Solution File, Format Version 12.00
# Visual Studio Version 17
VisualStudioVersion = 17.12.35527.113 d17.12
MinimumVisualStudioVersion = 10.0.40219.1
Project("{FAE04EC0-301F-11D3-BF4B-00C04F79EFBC}") = "riri.imguihookex", "riri.imguihookex.csproj", "{ADF9E4B5-8F6D-4F5F-9A46-912820D3E3FA}"
EndProject
Global
	GlobalSection(SolutionConfigurationPlatforms) = preSolution
		Debug|Any CPU = Debug|Any CPU
		Release|Any CPU = Release|Any CPU
	EndGlobalSection
	GlobalSection(ProjectConfigurationPlatforms) = postSolution
		{ADF9E4B5-8F6D-4F5F-9A46-912820D3E3FA}.Debug|Any CPU.ActiveCfg = Debug|Any CPU
		{ADF9E4B5-8F6D-4F5F-9A46-912820D3E3FA}.Debug|Any CPU.Build.0 = Debug|Any CPU
		{ADF9E4B5-8F6D-4F5F-9A46-912820D3E3FA}.Release|Any CPU.ActiveCfg = Release|Any CPU
		{ADF9E4B5-8F6D-4F5F-9A46-912820D3E3FA}.Release|Any CPU.Build.0 = Release|Any CPU
	EndGlobalSection
	GlobalSection(SolutionProperties) = preSolution
		HideSolutionNode = FALSE
	EndGlobalSection
EndGlobal
